
Microsoft Visual Studio Solution File, Format Version 12.00
# Visual Studio Version 17
VisualStudioVersion = 17.9.34607.119
MinimumVisualStudioVersion = 10.0.40219.1
Project("{9A19103F-16F7-4668-BE54-9A1E7A4F7556}") = "TpNOTE2024_04", "TpNOTE2024_04\TpNOTE2024_04.csproj", "{603E9192-DFFC-4692-B9BD-EE4617B8724C}"
EndProject
Global
	GlobalSection(SolutionConfigurationPlatforms) = preSolution
		Debug|Any CPU = Debug|Any CPU
		Release|Any CPU = Release|Any CPU
	EndGlobalSection
	GlobalSection(ProjectConfigurationPlatforms) = postSolution
		{603E9192-DFFC-4692-B9BD-EE4617B8724C}.Debug|Any CPU.ActiveCfg = Debug|Any CPU
		{603E9192-DFFC-4692-B9BD-EE4617B8724C}.Debug|Any CPU.Build.0 = Debug|Any CPU
		{603E9192-DFFC-4692-B9BD-EE4617B8724C}.Release|Any CPU.ActiveCfg = Release|Any CPU
		{603E9192-DFFC-4692-B9BD-EE4617B8724C}.Release|Any CPU.Build.0 = Release|Any CPU
	EndGlobalSection
	GlobalSection(SolutionProperties) = preSolution
		HideSolutionNode = FALSE
	EndGlobalSection
	GlobalSection(ExtensibilityGlobals) = postSolution
		SolutionGuid = {20CEB415-7D7E-40F5-BB5D-6A34EB881698}
	EndGlobalSection
EndGlobal
